
Microsoft Visual Studio Solution File, Format Version 12.00
Project("{FAE04EC0-301F-11D3-BF4B-00C04F79EFBC}") = "RingCentral_amoCRM", "RingCentral_amoCRM\RingCentral_amoCRM.csproj", "{55047A69-4863-4EB5-9A71-3676A024A681}"
EndProject
Global
	GlobalSection(SolutionConfigurationPlatforms) = preSolution
		Debug|Any CPU = Debug|Any CPU
		Release|Any CPU = Release|Any CPU
	EndGlobalSection
	GlobalSection(ProjectConfigurationPlatforms) = postSolution
		{55047A69-4863-4EB5-9A71-3676A024A681}.Debug|Any CPU.ActiveCfg = Debug|Any CPU
		{55047A69-4863-4EB5-9A71-3676A024A681}.Debug|Any CPU.Build.0 = Debug|Any CPU
		{55047A69-4863-4EB5-9A71-3676A024A681}.Release|Any CPU.ActiveCfg = Release|Any CPU
		{55047A69-4863-4EB5-9A71-3676A024A681}.Release|Any CPU.Build.0 = Release|Any CPU
	EndGlobalSection
EndGlobal
